
Microsoft Visual Studio Solution File, Format Version 12.00
# Visual Studio 15
VisualStudioVersion = 15.0.27004.2008
MinimumVisualStudioVersion = 10.0.40219.1
Project("{888888A0-9F3D-457C-B088-3A5042F75D52}") = "bleson_win_test", "bleson_win_test\bleson_win_test.pyproj", "{2B379032-98B5-43F2-8FA2-C5F9EAE0B029}"
EndProject
Global
	GlobalSection(SolutionConfigurationPlatforms) = preSolution
		Debug|Any CPU = Debug|Any CPU
		Release|Any CPU = Release|Any CPU
	EndGlobalSection
	GlobalSection(ProjectConfigurationPlatforms) = postSolution
		{2B379032-98B5-43F2-8FA2-C5F9EAE0B029}.Debug|Any CPU.ActiveCfg = Debug|Any CPU
		{2B379032-98B5-43F2-8FA2-C5F9EAE0B029}.Release|Any CPU.ActiveCfg = Release|Any CPU
	EndGlobalSection
	GlobalSection(SolutionProperties) = preSolution
		HideSolutionNode = FALSE
	EndGlobalSection
	GlobalSection(ExtensibilityGlobals) = postSolution
		SolutionGuid = {25B9E335-6722-4C29-9DC7-564A6316300E}
	EndGlobalSection
EndGlobal
