
Microsoft Visual Studio Solution File, Format Version 12.00
# Visual Studio 15
VisualStudioVersion = 15.0.27004.2008
MinimumVisualStudioVersion = 10.0.40219.1
Project("{888888A0-9F3D-457C-B088-3A5042F75D52}") = "bleson_win_test", "bleson_win_test\bleson_win_test.pyproj", "{2B379032-98B5-43F2-8FA2-C5F9EAE0B029}"
EndProject
Project("{8BC9CEB8-8B4A-11D0-8D11-00A0C91BC942}") = "blesonwin", "blesonwin\blesonwin.vcxproj", "{AFFD2CC9-A855-4B4E-9373-6A193A4E2B25}"
EndProject
Project("{8BC9CEB8-8B4A-11D0-8D11-00A0C91BC942}") = "winrtble", "winrtble\winrtble.vcxproj", "{36CF82A4-918A-408A-9DC2-F365F0AF7740}"
EndProject
Global
	GlobalSection(SolutionConfigurationPlatforms) = preSolution
		Debug|Any CPU = Debug|Any CPU
		Debug|x64 = Debug|x64
		Debug|x86 = Debug|x86
		Release|Any CPU = Release|Any CPU
		Release|x64 = Release|x64
		Release|x86 = Release|x86
	EndGlobalSection
	GlobalSection(ProjectConfigurationPlatforms) = postSolution
		{2B379032-98B5-43F2-8FA2-C5F9EAE0B029}.Debug|Any CPU.ActiveCfg = Debug|Any CPU
		{2B379032-98B5-43F2-8FA2-C5F9EAE0B029}.Debug|x64.ActiveCfg = Debug|Any CPU
		{2B379032-98B5-43F2-8FA2-C5F9EAE0B029}.Debug|x86.ActiveCfg = Debug|Any CPU
		{2B379032-98B5-43F2-8FA2-C5F9EAE0B029}.Release|Any CPU.ActiveCfg = Release|Any CPU
		{2B379032-98B5-43F2-8FA2-C5F9EAE0B029}.Release|x64.ActiveCfg = Release|Any CPU
		{2B379032-98B5-43F2-8FA2-C5F9EAE0B029}.Release|x86.ActiveCfg = Release|Any CPU
		{AFFD2CC9-A855-4B4E-9373-6A193A4E2B25}.Debug|Any CPU.ActiveCfg = Debug|Win32
		{AFFD2CC9-A855-4B4E-9373-6A193A4E2B25}.Debug|x64.ActiveCfg = Debug|x64
		{AFFD2CC9-A855-4B4E-9373-6A193A4E2B25}.Debug|x64.Build.0 = Debug|x64
		{AFFD2CC9-A855-4B4E-9373-6A193A4E2B25}.Debug|x86.ActiveCfg = Debug|Win32
		{AFFD2CC9-A855-4B4E-9373-6A193A4E2B25}.Debug|x86.Build.0 = Debug|Win32
		{AFFD2CC9-A855-4B4E-9373-6A193A4E2B25}.Release|Any CPU.ActiveCfg = Release|Win32
		{AFFD2CC9-A855-4B4E-9373-6A193A4E2B25}.Release|x64.ActiveCfg = Release|x64
		{AFFD2CC9-A855-4B4E-9373-6A193A4E2B25}.Release|x64.Build.0 = Release|x64
		{AFFD2CC9-A855-4B4E-9373-6A193A4E2B25}.Release|x86.ActiveCfg = Release|Win32
		{AFFD2CC9-A855-4B4E-9373-6A193A4E2B25}.Release|x86.Build.0 = Release|Win32
		{36CF82A4-918A-408A-9DC2-F365F0AF7740}.Debug|Any CPU.ActiveCfg = Debug|Win32
		{36CF82A4-918A-408A-9DC2-F365F0AF7740}.Debug|x64.ActiveCfg = Debug|x64
		{36CF82A4-918A-408A-9DC2-F365F0AF7740}.Debug|x64.Build.0 = Debug|x64
		{36CF82A4-918A-408A-9DC2-F365F0AF7740}.Debug|x86.ActiveCfg = Debug|Win32
		{36CF82A4-918A-408A-9DC2-F365F0AF7740}.Debug|x86.Build.0 = Debug|Win32
		{36CF82A4-918A-408A-9DC2-F365F0AF7740}.Release|Any CPU.ActiveCfg = Release|Win32
		{36CF82A4-918A-408A-9DC2-F365F0AF7740}.Release|x64.ActiveCfg = Release|x64
		{36CF82A4-918A-408A-9DC2-F365F0AF7740}.Release|x64.Build.0 = Release|x64
		{36CF82A4-918A-408A-9DC2-F365F0AF7740}.Release|x86.ActiveCfg = Release|Win32
		{36CF82A4-918A-408A-9DC2-F365F0AF7740}.Release|x86.Build.0 = Release|Win32
	EndGlobalSection
	GlobalSection(SolutionProperties) = preSolution
		HideSolutionNode = FALSE
	EndGlobalSection
	GlobalSection(ExtensibilityGlobals) = postSolution
		SolutionGuid = {25B9E335-6722-4C29-9DC7-564A6316300E}
	EndGlobalSection
EndGlobal
